// !$*UTF8*$!
{
	archiveVersion = 1;
	classes = {
	};
	objectVersion = 50;
	objects = {

/* Begin PBXBuildFile section */
		A699A485260B63C200C38B89 /* AppDelegate.swift in Sources */ = {isa = PBXBuildFile; fileRef = A699A484260B63C200C38B89 /* AppDelegate.swift */; };
		A699A487260B63C200C38B89 /* SceneDelegate.swift in Sources */ = {isa = PBXBuildFile; fileRef = A699A486260B63C200C38B89 /* SceneDelegate.swift */; };
		A699A489260B63C200C38B89 /* ViewController.swift in Sources */ = {isa = PBXBuildFile; fileRef = A699A488260B63C200C38B89 /* ViewController.swift */; };
		A699A48C260B63C200C38B89 /* Main.storyboard in Resources */ = {isa = PBXBuildFile; fileRef = A699A48A260B63C200C38B89 /* Main.storyboard */; };
		A699A48E260B63C500C38B89 /* Assets.xcassets in Resources */ = {isa = PBXBuildFile; fileRef = A699A48D260B63C500C38B89 /* Assets.xcassets */; };
		A699A491260B63C500C38B89 /* LaunchScreen.storyboard in Resources */ = {isa = PBXBuildFile; fileRef = A699A48F260B63C500C38B89 /* LaunchScreen.storyboard */; };
/* End PBXBuildFile section */

/* Begin PBXFileReference section */
		A699A481260B63C200C38B89 /* Pushing.app */ = {isa = PBXFileReference; explicitFileType = wrapper.application; includeInIndex = 0; path = Pushing.app; sourceTree = BUILT_PRODUCTS_DIR; };
		A699A484260B63C200C38B89 /* AppDelegate.swift */ = {isa = PBXFileReference; lastKnownFileType = sourcecode.swift; path = AppDelegate.swift; sourceTree = "<group>"; };
		A699A486260B63C200C38B89 /* SceneDelegate.swift */ = {isa = PBXFileReference; lastKnownFileType = sourcecode.swift; path = SceneDelegate.swift; sourceTree = "<group>"; };
		A699A488260B63C200C38B89 /* ViewController.swift */ = {isa = PBXFileReference; lastKnownFileType = sourcecode.swift; path = ViewController.swift; sourceTree = "<group>"; };
		A699A48B260B63C200C38B89 /* Base */ = {isa = PBXFileReference; lastKnownFileType = file.storyboard; name = Base; path = Base.lproj/Main.storyboard; sourceTree = "<group>"; };
		A699A48D260B63C500C38B89 /* Assets.xcassets */ = {isa = PBXFileReference; lastKnownFileType = folder.assetcatalog; path = Assets.xcassets; sourceTree = "<group>"; };
		A699A490260B63C500C38B89 /* Base */ = {isa = PBXFileReference; lastKnownFileType = file.storyboard; name = Base; path = Base.lproj/LaunchScreen.storyboard; sourceTree = "<group>"; };
		A699A492260B63C500C38B89 /* Info.plist */ = {isa = PBXFileReference; lastKnownFileType = text.plist.xml; path = Info.plist; sourceTree = "<group>"; };
/* End PBXFileReference section */

/* Begin PBXFrameworksBuildPhase section */
		A699A47E260B63C200C38B89 /* Frameworks */ = {
			isa = PBXFrameworksBuildPhase;
			buildActionMask = 2147483647;
			files = (
			);
			runOnlyForDeploymentPostprocessing = 0;
		};
/* End PBXFrameworksBuildPhase section */

/* Begin PBXGroup section */
		A699A478260B63C200C38B89 = {
			isa = PBXGroup;
			children = (
				A699A483260B63C200C38B89 /* Pushing */,
				A699A482260B63C200C38B89 /* Products */,
			);
			sourceTree = "<group>";
		};
		A699A482260B63C200C38B89 /* Products */ = {
			isa = PBXGroup;
			children = (
				A699A481260B63C200C38B89 /* Pushing.app */,
			);
			name = Products;
			sourceTree = "<group>";
		};
		A699A483260B63C200C38B89 /* Pushing */ = {
			isa = PBXGroup;
			children = (
				A699A484260B63C200C38B89 /* AppDelegate.swift */,
				A699A486260B63C200C38B89 /* SceneDelegate.swift */,
				A699A488260B63C200C38B89 /* ViewController.swift */,
				A699A48A260B63C200C38B89 /* Main.storyboard */,
				A699A48D260B63C500C38B89 /* Assets.xcassets */,
				A699A48F260B63C500C38B89 /* LaunchScreen.storyboard */,
				A699A492260B63C500C38B89 /* Info.plist */,
			);
			path = Pushing;
			sourceTree = "<group>";
		};
/* End PBXGroup section */

/* Begin PBXNativeTarget section */
		A699A480260B63C200C38B89 /* Pushing */ = {
			isa = PBXNativeTarget;
			buildConfigurationList = A699A495260B63C500C38B89 /* Build configuration list for PBXNativeTarget "Pushing" */;
			buildPhases = (
				A699A47D260B63C200C38B89 /* Sources */,
				A699A47E260B63C200C38B89 /* Frameworks */,
				A699A47F260B63C200C38B89 /* Resources */,
			);
			buildRules = (
			);
			dependencies = (
			);
			name = Pushing;
			productName = Pushing;
			productReference = A699A481260B63C200C38B89 /* Pushing.app */;
			productType = "com.apple.product-type.application";
		};
/* End PBXNativeTarget section */

/* Begin PBXProject section */
		A699A479260B63C200C38B89 /* Project object */ = {
			isa = PBXProject;
			attributes = {
				LastSwiftUpdateCheck = 1210;
				LastUpgradeCheck = 1210;
				TargetAttributes = {
					A699A480260B63C200C38B89 = {
						CreatedOnToolsVersion = 12.1;
					};
				};
			};
			buildConfigurationList = A699A47C260B63C200C38B89 /* Build configuration list for PBXProject "Pushing" */;
			compatibilityVersion = "Xcode 9.3";
			developmentRegion = en;
			hasScannedForEncodings = 0;
			knownRegions = (
				en,
				Base,
			);
			mainGroup = A699A478260B63C200C38B89;
			productRefGroup = A699A482260B63C200C38B89 /* Products */;
			projectDirPath = "";
			projectRoot = "";
			targets = (
				A699A480260B63C200C38B89 /* Pushing */,
			);
		};
/* End PBXProject section */

/* Begin PBXResourcesBuildPhase section */
		A699A47F260B63C200C38B89 /* Resources */ = {
			isa = PBXResourcesBuildPhase;
			buildActionMask = 2147483647;
			files = (
				A699A491260B63C500C38B89 /* LaunchScreen.storyboard in Resources */,
				A699A48E260B63C500C38B89 /* Assets.xcassets in Resources */,
				A699A48C260B63C200C38B89 /* Main.storyboard in Resources */,
			);
			runOnlyForDeploymentPostprocessing = 0;
		};
/* End PBXResourcesBuildPhase section */

/* Begin PBXSourcesBuildPhase section */
		A699A47D260B63C200C38B89 /* Sources */ = {
			isa = PBXSourcesBuildPhase;
			buildActionMask = 2147483647;
			files = (
				A699A489260B63C200C38B89 /* ViewController.swift in Sources */,
				A699A485260B63C200C38B89 /* AppDelegate.swift in Sources */,
				A699A487260B63C200C38B89 /* SceneDelegate.swift in Sources */,
			);
			runOnlyForDeploymentPostprocessing = 0;
		};
/* End PBXSourcesBuildPhase section */

/* Begin PBXVariantGroup section */
		A699A48A260B63C200C38B89 /* Main.storyboard */ = {
			isa = PBXVariantGroup;
			children = (
				A699A48B260B63C200C38B89 /* Base */,
			);
			name = Main.storyboard;
			sourceTree = "<group>";
		};
		A699A48F260B63C500C38B89 /* LaunchScreen.storyboard */ = {
			isa = PBXVariantGroup;
			children = (
				A699A490260B63C500C38B89 /* Base */,
			);
			name = LaunchScreen.storyboard;
			sourceTree = "<group>";
		};
/* End PBXVariantGroup section */

/* Begin XCBuildConfiguration section */
		A699A493260B63C500C38B89 /* Debug */ = {
			isa = XCBuildConfiguration;
			buildSettings = {
				ALWAYS_SEARCH_USER_PATHS = NO;
				CLANG_ANALYZER_NONNULL = YES;
				CLANG_ANALYZER_NUMBER_OBJECT_CONVERSION = YES_AGGRESSIVE;
				CLANG_CXX_LANGUAGE_STANDARD = "gnu++14";
				CLANG_CXX_LIBRARY = "libc++";
				CLANG_ENABLE_MODULES = YES;
				CLANG_ENABLE_OBJC_ARC = YES;
				CLANG_ENABLE_OBJC_WEAK = YES;
				CLANG_WARN_BLOCK_CAPTURE_AUTORELEASING = YES;
				CLANG_WARN_BOOL_CONVERSION = YES;
				CLANG_WARN_COMMA = YES;
				CLANG_WARN_CONSTANT_CONVERSION = YES;
				CLANG_WARN_DEPRECATED_OBJC_IMPLEMENTATIONS = YES;
				CLANG_WARN_DIRECT_OBJC_ISA_USAGE = YES_ERROR;
				CLANG_WARN_DOCUMENTATION_COMMENTS = YES;
				CLANG_WARN_EMPTY_BODY = YES;
				CLANG_WARN_ENUM_CONVERSION = YES;
				CLANG_WARN_INFINITE_RECURSION = YES;
				CLANG_WARN_INT_CONVERSION = YES;
				CLANG_WARN_NON_LITERAL_NULL_CONVERSION = YES;
				CLANG_WARN_OBJC_IMPLICIT_RETAIN_SELF = YES;
				CLANG_WARN_OBJC_LITERAL_CONVERSION = YES;
				CLANG_WARN_OBJC_ROOT_CLASS = YES_ERROR;
				CLANG_WARN_QUOTED_INCLUDE_IN_FRAMEWORK_HEADER = YES;
				CLANG_WARN_RANGE_LOOP_ANALYSIS = YES;
				CLANG_WARN_STRICT_PROTOTYPES = YES;
				CLANG_WARN_SUSPICIOUS_MOVE = YES;
				CLANG_WARN_UNGUARDED_AVAILABILITY = YES_AGGRESSIVE;
				CLANG_WARN_UNREACHABLE_CODE = YES;
				CLANG_WARN__DUPLICATE_METHOD_MATCH = YES;
				COPY_PHASE_STRIP = NO;
				DEBUG_INFORMATION_FORMAT = dwarf;
				ENABLE_STRICT_OBJC_MSGSEND = YES;
				ENABLE_TESTABILITY = YES;
				GCC_C_LANGUAGE_STANDARD = gnu11;
				GCC_DYNAMIC_NO_PIC = NO;
				GCC_NO_COMMON_BLOCKS = YES;
				GCC_OPTIMIZATION_LEVEL = 0;
				GCC_PREPROCESSOR_DEFINITIONS = (
					"DEBUG=1",
					"$(inherited)",
				);
				GCC_WARN_64_TO_32_BIT_CONVERSION = YES;
				GCC_WARN_ABOUT_RETURN_TYPE = YES_ERROR;
				GCC_WARN_UNDECLARED_SELECTOR = YES;
				GCC_WARN_UNINITIALIZED_AUTOS = YES_AGGRESSIVE;
				GCC_WARN_UNUSED_FUNCTION = YES;
				GCC_WARN_UNUSED_VARIABLE = YES;
				IPHONEOS_DEPLOYMENT_TARGET = 14.1;
				MTL_ENABLE_DEBUG_INFO = INCLUDE_SOURCE;
				MTL_FAST_MATH = YES;
				ONLY_ACTIVE_ARCH = YES;
				SDKROOT = iphoneos;
				SWIFT_ACTIVE_COMPILATION_CONDITIONS = DEBUG;
				SWIFT_OPTIMIZATION_LEVEL = "-Onone";
			};
			name = Debug;
		};
		A699A494260B63C500C38B89 /* Release */ = {
			isa = XCBuildConfiguration;
			buildSettings = {
				ALWAYS_SEARCH_USER_PATHS = NO;
				CLANG_ANALYZER_NONNULL = YES;
				CLANG_ANALYZER_NUMBER_OBJECT_CONVERSION = YES_AGGRESSIVE;
				CLANG_CXX_LANGUAGE_STANDARD = "gnu++14";
				CLANG_CXX_LIBRARY = "libc++";
				CLANG_ENABLE_MODULES = YES;
				CLANG_ENABLE_OBJC_ARC = YES;
				CLANG_ENABLE_OBJC_WEAK = YES;
				CLANG_WARN_BLOCK_CAPTURE_AUTORELEASING = YES;
				CLANG_WARN_BOOL_CONVERSION = YES;
				CLANG_WARN_COMMA = YES;
				CLANG_WARN_CONSTANT_CONVERSION = YES;
				CLANG_WARN_DEPRECATED_OBJC_IMPLEMENTATIONS = YES;
				CLANG_WARN_DIRECT_OBJC_ISA_USAGE = YES_ERROR;
				CLANG_WARN_DOCUMENTATION_COMMENTS = YES;
				CLANG_WARN_EMPTY_BODY = YES;
				CLANG_WARN_ENUM_CONVERSION = YES;
				CLANG_WARN_INFINITE_RECURSION = YES;
				CLANG_WARN_INT_CONVERSION = YES;
				CLANG_WARN_NON_LITERAL_NULL_CONVERSION = YES;
				CLANG_WARN_OBJC_IMPLICIT_RETAIN_SELF = YES;
				CLANG_WARN_OBJC_LITERAL_CONVERSION = YES;
				CLANG_WARN_OBJC_ROOT_CLASS = YES_ERROR;
				CLANG_WARN_QUOTED_INCLUDE_IN_FRAMEWORK_HEADER = YES;
				CLANG_WARN_RANGE_LOOP_ANALYSIS = YES;
				CLANG_WARN_STRICT_PROTOTYPES = YES;
				CLANG_WARN_SUSPICIOUS_MOVE = YES;
				CLANG_WARN_UNGUARDED_AVAILABILITY = YES_AGGRESSIVE;
				CLANG_WARN_UNREACHABLE_CODE = YES;
				CLANG_WARN__DUPLICATE_METHOD_MATCH = YES;
				COPY_PHASE_STRIP = NO;
				DEBUG_INFORMATION_FORMAT = "dwarf-with-dsym";
				ENABLE_NS_ASSERTIONS = NO;
				ENABLE_STRICT_OBJC_MSGSEND = YES;
				GCC_C_LANGUAGE_STANDARD = gnu11;
				GCC_NO_COMMON_BLOCKS = YES;
				GCC_WARN_64_TO_32_BIT_CONVERSION = YES;
				GCC_WARN_ABOUT_RETURN_TYPE = YES_ERROR;
				GCC_WARN_UNDECLARED_SELECTOR = YES;
				GCC_WARN_UNINITIALIZED_AUTOS = YES_AGGRESSIVE;
				GCC_WARN_UNUSED_FUNCTION = YES;
				GCC_WARN_UNUSED_VARIABLE = YES;
				IPHONEOS_DEPLOYMENT_TARGET = 14.1;
				MTL_ENABLE_DEBUG_INFO = NO;
				MTL_FAST_MATH = YES;
				SDKROOT = iphoneos;
				SWIFT_COMPILATION_MODE = wholemodule;
				SWIFT_OPTIMIZATION_LEVEL = "-O";
				VALIDATE_PRODUCT = YES;
			};
			name = Release;
		};
		A699A496260B63C500C38B89 /* Debug */ = {
			isa = XCBuildConfiguration;
			buildSettings = {
				ASSETCATALOG_COMPILER_APPICON_NAME = AppIcon;
				ASSETCATALOG_COMPILER_GLOBAL_ACCENT_COLOR_NAME = AccentColor;
				CODE_SIGN_STYLE = Automatic;
				DEVELOPMENT_TEAM = VW46WHVYZR;
				INFOPLIST_FILE = Pushing/Info.plist;
				LD_RUNPATH_SEARCH_PATHS = (
					"$(inherited)",
					"@executable_path/Frameworks",
				);
				PRODUCT_BUNDLE_IDENTIFIER = com.applineup.Pushing;
				PRODUCT_NAME = "$(TARGET_NAME)";
				SWIFT_VERSION = 5.0;
				TARGETED_DEVICE_FAMILY = "1,2";
			};
			name = Debug;
		};
		A699A497260B63C500C38B89 /* Release */ = {
			isa = XCBuildConfiguration;
			buildSettings = {
				ASSETCATALOG_COMPILER_APPICON_NAME = AppIcon;
				ASSETCATALOG_COMPILER_GLOBAL_ACCENT_COLOR_NAME = AccentColor;
				CODE_SIGN_STYLE = Automatic;
				DEVELOPMENT_TEAM = VW46WHVYZR;
				INFOPLIST_FILE = Pushing/Info.plist;
				LD_RUNPATH_SEARCH_PATHS = (
					"$(inherited)",
					"@executable_path/Frameworks",
				);
				PRODUCT_BUNDLE_IDENTIFIER = com.applineup.Pushing;
				PRODUCT_NAME = "$(TARGET_NAME)";
				SWIFT_VERSION = 5.0;
				TARGETED_DEVICE_FAMILY = "1,2";
			};
			name = Release;
		};
/* End XCBuildConfiguration section */

/* Begin XCConfigurationList section */
		A699A47C260B63C200C38B89 /* Build configuration list for PBXProject "Pushing" */ = {
			isa = XCConfigurationList;
			buildConfigurations = (
				A699A493260B63C500C38B89 /* Debug */,
				A699A494260B63C500C38B89 /* Release */,
			);
			defaultConfigurationIsVisible = 0;
			defaultConfigurationName = Release;
		};
		A699A495260B63C500C38B89 /* Build configuration list for PBXNativeTarget "Pushing" */ = {
			isa = XCConfigurationList;
			buildConfigurations = (
				A699A496260B63C500C38B89 /* Debug */,
				A699A497260B63C500C38B89 /* Release */,
			);
			defaultConfigurationIsVisible = 0;
			defaultConfigurationName = Release;
		};
/* End XCConfigurationList section */
	};
	rootObject = A699A479260B63C200C38B89 /* Project object */;
}
